github.com/costinm/hbone v0.0.0-20221011174620-f25926c0b194 h1:/c7gSXaoEpnb3eGgKFOs9lATwPm1wos6I9LXbVGLUGI=
github.com/costinm/hbone v0.0.0-20221011174620-f25926c0b194/go.mod h1:uzAaakea2V7RDBpmXKFE1rnHwIFO9TedrCKCmV2Z2VA=
github.com/costinm/meshauth v0.0.0-20221013185453-bb5aae6632f8 h1:zbD0YFDuHT7sGIArThlyao8tYUloyyhJYKaP1eVlDz8=
github.com/costinm/meshauth v0.0.0-20221013185453-bb5aae6632f8/go.mod h1:EFhtAAQPQu7Io8m/TO5Ck86sr8xfcyb4gYMUug+CKFo=
github.com/costinm/ugate v0.0.0-20221024013023-789def6d5dde h1:uGLz+wku54ckMzN0MhfzpdOb8NrokxCxz6e6CSjG+5s=
github.com/costinm/ugate v0.0.0-20221024013023-789def6d5dde/go.mod h1:YUXu2RUe3jKq4h8/PjdtJR974rQK/rciClCjQ3xG6fA=
github.com/eycorsican/go-tun2socks v1.16.11 h1:+hJDNgisrYaGEqoSxhdikMgMJ4Ilfwm/IZDrWRrbaH8=
github.com/eycorsican/go-tun2socks v1.16.11/go.mod h1:wgB2BFT8ZaPKyKOQ/5dljMG/YIow+AIXyq4KBwJ5sGQ=
github.com/songgao/water v0.0.0-20190725173103-fd331bda3f4b/go.mod h1:P5HUIBuIWKbyjl083/loAegFkfbFNx5i2qEP4CNbm7E=
github.com/songgao/water v0.0.0-20200317203138-2b4b6d7c09d8 h1:TG/diQgUe0pntT/2D9tmUCz4VNwm9MfrtPr0SU2qSX8=
github.com/songgao/water v0.0.0-20200317203138-2b4b6d7c09d8/go.mod h1:P5HUIBuIWKbyjl083/loAegFkfbFNx5i2qEP4CNbm7E=
golang.org/x/crypto v0.0.0-20190308221718-c2843e01d9a2/go.mod h1:djNgcEr1/C05ACkg1iLfiJU5Ep61QUkGW8qpdssI0+w=
golang.org/x/net v0.0.0-20191021144547-ec77196f6094/go.mod h1:z5CRVTTTmAJ677TzLLGU+0bjPO0LkuOLi4/5GtJWs/s=
golang.org/x/net v0.1.0 h1:hZ/3BUoy5aId7sCpA/Tc5lt8DkFgdVS2onTpJsZ/fl0=
golang.org/x/net v0.1.0/go.mod h1:Cx3nUiGt4eDBEyega/BKRp+/AlGL8hYe7U9odMt2Cco=
golang.org/x/sys v0.0.0-20190215142949-d0b11bdaac8a/go.mod h1:STP8DvDyc/dI5b8T5hshtkjS+E42TnysNCUPdjciGhY=
golang.org/x/sys v0.0.0-20191026070338-33540a1f6037/go.mod h1:h1NjWce9XRLGQEsW7wpKNCjG9DtNlClVuFLEZdDNbEs=
golang.org/x/sys v0.1.0 h1:kunALQeHf1/185U1i0GOB/fy1IPRDDpuoOOqRReG57U=
golang.org/x/sys v0.1.0/go.mod h1:oPkhp1MJrh7nUepCBck5+mAzfO9JrbApNNgaTdGDITg=
golang.org/x/text v0.3.0/go.mod h1:NqM8EUOU14njkJ3fqMW+pc6Ldnwhi/IjpwHt7yyuwOQ=
golang.org/x/text v0.4.0 h1:BrVqGRd7+k1DiOgtnFvAkoQEWQvBc25ouMJM6429SFg=
golang.org/x/text v0.4.0/go.mod h1:mrYo+phRRbMaCq/xk9113O4dZlRixOauAjOtrjsXDZ8=
